
Microsoft Visual Studio Solution File, Format Version 12.00
# Visual Studio Version 16
VisualStudioVersion = 16.0.32106.194
MinimumVisualStudioVersion = 10.0.40219.1
Project("{FAE04EC0-301F-11D3-BF4B-00C04F79EFBC}") = "Hospital Management System", "Hospital Management System\Hospital Management System.csproj", "{F914BC2C-F20B-4716-93C6-B382940E0682}"
EndProject
Project("{930C7802-8A8C-48F9-8165-68863BCCD9DD}") = "Hospital Management Setup", "Hospital Management Setup\Hospital Management Setup.wixproj", "{DCC09C54-5BB3-4120-8E92-1776666AB889}"
EndProject
Global
	GlobalSection(SolutionConfigurationPlatforms) = preSolution
		Debug|Any CPU = Debug|Any CPU
		Debug|x86 = Debug|x86
		Release|Any CPU = Release|Any CPU
		Release|x86 = Release|x86
	EndGlobalSection
	GlobalSection(ProjectConfigurationPlatforms) = postSolution
		{F914BC2C-F20B-4716-93C6-B382940E0682}.Debug|Any CPU.ActiveCfg = Debug|Any CPU
		{F914BC2C-F20B-4716-93C6-B382940E0682}.Debug|Any CPU.Build.0 = Debug|Any CPU
		{F914BC2C-F20B-4716-93C6-B382940E0682}.Debug|x86.ActiveCfg = Debug|Any CPU
		{F914BC2C-F20B-4716-93C6-B382940E0682}.Debug|x86.Build.0 = Debug|Any CPU
		{F914BC2C-F20B-4716-93C6-B382940E0682}.Release|Any CPU.ActiveCfg = Release|Any CPU
		{F914BC2C-F20B-4716-93C6-B382940E0682}.Release|Any CPU.Build.0 = Release|Any CPU
		{F914BC2C-F20B-4716-93C6-B382940E0682}.Release|x86.ActiveCfg = Release|Any CPU
		{F914BC2C-F20B-4716-93C6-B382940E0682}.Release|x86.Build.0 = Release|Any CPU
		{DCC09C54-5BB3-4120-8E92-1776666AB889}.Debug|Any CPU.ActiveCfg = Debug|x86
		{DCC09C54-5BB3-4120-8E92-1776666AB889}.Debug|x86.ActiveCfg = Debug|x86
		{DCC09C54-5BB3-4120-8E92-1776666AB889}.Debug|x86.Build.0 = Debug|x86
		{DCC09C54-5BB3-4120-8E92-1776666AB889}.Release|Any CPU.ActiveCfg = Release|x86
		{DCC09C54-5BB3-4120-8E92-1776666AB889}.Release|x86.ActiveCfg = Release|x86
		{DCC09C54-5BB3-4120-8E92-1776666AB889}.Release|x86.Build.0 = Release|x86
	EndGlobalSection
	GlobalSection(SolutionProperties) = preSolution
		HideSolutionNode = FALSE
	EndGlobalSection
	GlobalSection(ExtensibilityGlobals) = postSolution
		SolutionGuid = {5C726A4C-7B31-4EBB-8F57-2954E5965FD0}
	EndGlobalSection
EndGlobal
